// !$*UTF8*$!
{
	archiveVersion = 1;
	classes = {
	};
	objectVersion = 50;
	objects = {

/* Begin PBXBuildFile section */
		0B1D633FA25B331C524FFE29 /* Pods_StandardAppTests.framework in Frameworks */ = {isa = PBXBuildFile; fileRef = 605F2BA5D28CC88CF6B5FD0C /* Pods_StandardAppTests.framework */; };
		0C0390672293665B005D35DC /* DispatcherController.swift in Sources */ = {isa = PBXBuildFile; fileRef = 0C0390662293665B005D35DC /* DispatcherController.swift */; };
		0C0DB2F92281E13E000FE340 /* AppDelegate.swift in Sources */ = {isa = PBXBuildFile; fileRef = 0C0DB2F82281E13E000FE340 /* AppDelegate.swift */; };
		0C0DB2FB2281E13E000FE340 /* SigninViewController.swift in Sources */ = {isa = PBXBuildFile; fileRef = 0C0DB2FA2281E13E000FE340 /* SigninViewController.swift */; };
		0C0DB2FE2281E13E000FE340 /* Main.storyboard in Resources */ = {isa = PBXBuildFile; fileRef = 0C0DB2FC2281E13E000FE340 /* Main.storyboard */; };
		0C0DB3002281E140000FE340 /* Assets.xcassets in Resources */ = {isa = PBXBuildFile; fileRef = 0C0DB2FF2281E140000FE340 /* Assets.xcassets */; };
		0C0DB3032281E140000FE340 /* LaunchScreen.storyboard in Resources */ = {isa = PBXBuildFile; fileRef = 0C0DB3012281E140000FE340 /* LaunchScreen.storyboard */; };
		0C0DB30E2281E140000FE340 /* StandardAppTests.swift in Sources */ = {isa = PBXBuildFile; fileRef = 0C0DB30D2281E140000FE340 /* StandardAppTests.swift */; };
		0C0DB3192281E140000FE340 /* StandardAppUITests.swift in Sources */ = {isa = PBXBuildFile; fileRef = 0C0DB3182281E140000FE340 /* StandardAppUITests.swift */; };
		0C1D77282281FA2F00C82142 /* Matchfile in Resources */ = {isa = PBXBuildFile; fileRef = 0C1D77272281FA2F00C82142 /* Matchfile */; };
		0C1D773622823BE100C82142 /* AppModule.swift in Sources */ = {isa = PBXBuildFile; fileRef = 0C1D773522823BE100C82142 /* AppModule.swift */; };
		0C1D773C22834CC500C82142 /* NetworkRequestMessage.swift in Sources */ = {isa = PBXBuildFile; fileRef = 0C1D773B22834CC500C82142 /* NetworkRequestMessage.swift */; };
		0C1D773E22837D0600C82142 /* NetworkSessionClient.swift in Sources */ = {isa = PBXBuildFile; fileRef = 0C1D773D22837D0600C82142 /* NetworkSessionClient.swift */; };
		0C22CA7B228A2A7F00F411DD /* SignupUserRequest.swift in Sources */ = {isa = PBXBuildFile; fileRef = 0C22CA7A228A2A7F00F411DD /* SignupUserRequest.swift */; };
		0C22CA7D228A2B6500F411DD /* SigninUserRequest.swift in Sources */ = {isa = PBXBuildFile; fileRef = 0C22CA7C228A2B6500F411DD /* SigninUserRequest.swift */; };
		0C22CA80228A2D6A00F411DD /* CustomError.swift in Sources */ = {isa = PBXBuildFile; fileRef = 0C22CA7F228A2D6A00F411DD /* CustomError.swift */; };
		0C22CA83228B7CB100F411DD /* SignupRepositoryError.swift in Sources */ = {isa = PBXBuildFile; fileRef = 0C22CA82228B7CB100F411DD /* SignupRepositoryError.swift */; };
		0C22CA85228B81F700F411DD /* SigninRepositoryError.swift in Sources */ = {isa = PBXBuildFile; fileRef = 0C22CA84228B81F700F411DD /* SigninRepositoryError.swift */; };
		0C22CA87228CAD4400F411DD /* SignupUseCase.swift in Sources */ = {isa = PBXBuildFile; fileRef = 0C22CA86228CAD4400F411DD /* SignupUseCase.swift */; };
		0C22CA89228CAE0900F411DD /* SigninPresenter.swift in Sources */ = {isa = PBXBuildFile; fileRef = 0C22CA88228CAE0900F411DD /* SigninPresenter.swift */; };
		0C22CA8B228CBFAA00F411DD /* SigninUseCaseError.swift in Sources */ = {isa = PBXBuildFile; fileRef = 0C22CA8A228CBFAA00F411DD /* SigninUseCaseError.swift */; };
		0C22CA8F228CC92000F411DD /* Tunes.storyboard in Resources */ = {isa = PBXBuildFile; fileRef = 0C22CA8E228CC92000F411DD /* Tunes.storyboard */; };
		0C22CA91228DFC6100F411DD /* SignupUseCaseError.swift in Sources */ = {isa = PBXBuildFile; fileRef = 0C22CA90228DFC6100F411DD /* SignupUseCaseError.swift */; };
		0C3F571C228A0939006C531E /* UITextFieldIndicator.swift in Sources */ = {isa = PBXBuildFile; fileRef = 0C3F571B228A0939006C531E /* UITextFieldIndicator.swift */; };
		0C3F5722228A2344006C531E /* GoogleService-Info.plist in Resources */ = {isa = PBXBuildFile; fileRef = 0C3F5721228A22BA006C531E /* GoogleService-Info.plist */; };
		0C8AABB2228E1C97002F4118 /* SignupPresenter.swift in Sources */ = {isa = PBXBuildFile; fileRef = 0C8AABB1228E1C95002F4118 /* SignupPresenter.swift */; };
		0CBACB8D22987B7200E7AB5A /* SigninViewControllerPort.swift in Sources */ = {isa = PBXBuildFile; fileRef = 0CBACB8C22987B7200E7AB5A /* SigninViewControllerPort.swift */; };
		0CEAF16A22949B3D00608934 /* AlertableController.swift in Sources */ = {isa = PBXBuildFile; fileRef = 0CEAF16922949B3D00608934 /* AlertableController.swift */; };
		0CEAF16C2294BCE600608934 /* BaseViewController.swift in Sources */ = {isa = PBXBuildFile; fileRef = 0CEAF16B2294BCE600608934 /* BaseViewController.swift */; };
		0CEE538A228F67A5000F0CC9 /* AuthModule.swift in Sources */ = {isa = PBXBuildFile; fileRef = 0CEE5389228F67A5000F0CC9 /* AuthModule.swift */; };
		0CFC26A02289E05400E4BD9C /* FirebaseAuthService.swift in Sources */ = {isa = PBXBuildFile; fileRef = 0CFC269F2289E05400E4BD9C /* FirebaseAuthService.swift */; };
		0CFC26A22289E06200E4BD9C /* AuthRepository.swift in Sources */ = {isa = PBXBuildFile; fileRef = 0CFC26A12289E06200E4BD9C /* AuthRepository.swift */; };
		0CFC26A42289E1BA00E4BD9C /* SigninUseCase.swift in Sources */ = {isa = PBXBuildFile; fileRef = 0CFC26A32289E1BA00E4BD9C /* SigninUseCase.swift */; };
		0CFC26A6228A070700E4BD9C /* Credentials.storyboard in Resources */ = {isa = PBXBuildFile; fileRef = 0CFC26A5228A070700E4BD9C /* Credentials.storyboard */; };
		0CFE7B9F2284BF2200C945F2 /* NetworkSessionRetroClient.swift in Sources */ = {isa = PBXBuildFile; fileRef = 0CFE7B9E2284BF2200C945F2 /* NetworkSessionRetroClient.swift */; };
		0CFE7BA12284C29B00C945F2 /* NetworkResponseCodable.swift in Sources */ = {isa = PBXBuildFile; fileRef = 0CFE7BA02284C29B00C945F2 /* NetworkResponseCodable.swift */; };
		0CFE7BA32284C2C900C945F2 /* NetworkError.swift in Sources */ = {isa = PBXBuildFile; fileRef = 0CFE7BA22284C2C900C945F2 /* NetworkError.swift */; };
		5B6CEE3922B8D60F55B5DCE4 /* Pods_StandardApp.framework in Frameworks */ = {isa = PBXBuildFile; fileRef = 9A9C9F25147E12C92D2EAFCB /* Pods_StandardApp.framework */; };
		63B9FE5DF37041EADD706F40 /* Pods_StandardAppUITests.framework in Frameworks */ = {isa = PBXBuildFile; fileRef = EA3E911A80299D3ACF40C5F9 /* Pods_StandardAppUITests.framework */; };
/* End PBXBuildFile section */

/* Begin PBXContainerItemProxy section */
		0C0DB30A2281E140000FE340 /* PBXContainerItemProxy */ = {
			isa = PBXContainerItemProxy;
			containerPortal = 0C0DB2ED2281E13D000FE340 /* Project object */;
			proxyType = 1;
			remoteGlobalIDString = 0C0DB2F42281E13E000FE340;
			remoteInfo = StandardApp;
		};
		0C0DB3152281E140000FE340 /* PBXContainerItemProxy */ = {
			isa = PBXContainerItemProxy;
			containerPortal = 0C0DB2ED2281E13D000FE340 /* Project object */;
			proxyType = 1;
			remoteGlobalIDString = 0C0DB2F42281E13E000FE340;
			remoteInfo = StandardApp;
		};
/* End PBXContainerItemProxy section */

/* Begin PBXFileReference section */
		0C0390662293665B005D35DC /* DispatcherController.swift */ = {isa = PBXFileReference; lastKnownFileType = sourcecode.swift; path = DispatcherController.swift; sourceTree = "<group>"; };
		0C0DB2F52281E13E000FE340 /* StandardApp.app */ = {isa = PBXFileReference; explicitFileType = wrapper.application; includeInIndex = 0; path = StandardApp.app; sourceTree = BUILT_PRODUCTS_DIR; };
		0C0DB2F82281E13E000FE340 /* AppDelegate.swift */ = {isa = PBXFileReference; lastKnownFileType = sourcecode.swift; path = AppDelegate.swift; sourceTree = "<group>"; };
		0C0DB2FA2281E13E000FE340 /* SigninViewController.swift */ = {isa = PBXFileReference; lastKnownFileType = sourcecode.swift; path = SigninViewController.swift; sourceTree = "<group>"; };
		0C0DB2FD2281E13E000FE340 /* Base */ = {isa = PBXFileReference; lastKnownFileType = file.storyboard; name = Base; path = Base.lproj/Main.storyboard; sourceTree = "<group>"; };
		0C0DB2FF2281E140000FE340 /* Assets.xcassets */ = {isa = PBXFileReference; lastKnownFileType = folder.assetcatalog; path = Assets.xcassets; sourceTree = "<group>"; };
		0C0DB3022281E140000FE340 /* Base */ = {isa = PBXFileReference; lastKnownFileType = file.storyboard; name = Base; path = Base.lproj/LaunchScreen.storyboard; sourceTree = "<group>"; };
		0C0DB3042281E140000FE340 /* Info.plist */ = {isa = PBXFileReference; lastKnownFileType = text.plist.xml; path = Info.plist; sourceTree = "<group>"; };
		0C0DB3092281E140000FE340 /* StandardAppTests.xctest */ = {isa = PBXFileReference; explicitFileType = wrapper.cfbundle; includeInIndex = 0; path = StandardAppTests.xctest; sourceTree = BUILT_PRODUCTS_DIR; };
		0C0DB30D2281E140000FE340 /* StandardAppTests.swift */ = {isa = PBXFileReference; lastKnownFileType = sourcecode.swift; path = StandardAppTests.swift; sourceTree = "<group>"; };
		0C0DB30F2281E140000FE340 /* Info.plist */ = {isa = PBXFileReference; lastKnownFileType = text.plist.xml; path = Info.plist; sourceTree = "<group>"; };
		0C0DB3142281E140000FE340 /* StandardAppUITests.xctest */ = {isa = PBXFileReference; explicitFileType = wrapper.cfbundle; includeInIndex = 0; path = StandardAppUITests.xctest; sourceTree = BUILT_PRODUCTS_DIR; };
		0C0DB3182281E140000FE340 /* StandardAppUITests.swift */ = {isa = PBXFileReference; lastKnownFileType = sourcecode.swift; path = StandardAppUITests.swift; sourceTree = "<group>"; };
		0C0DB31A2281E140000FE340 /* Info.plist */ = {isa = PBXFileReference; lastKnownFileType = text.plist.xml; path = Info.plist; sourceTree = "<group>"; };
		0C1D77252281E6CF00C82142 /* Appfile */ = {isa = PBXFileReference; lastKnownFileType = text; path = Appfile; sourceTree = "<group>"; xcLanguageSpecificationIdentifier = xcode.lang.ruby; };
		0C1D77262281E6CF00C82142 /* Fastfile */ = {isa = PBXFileReference; lastKnownFileType = text; path = Fastfile; sourceTree = "<group>"; xcLanguageSpecificationIdentifier = xcode.lang.ruby; };
		0C1D77272281FA2F00C82142 /* Matchfile */ = {isa = PBXFileReference; fileEncoding = 4; lastKnownFileType = text; path = Matchfile; sourceTree = "<group>"; xcLanguageSpecificationIdentifier = xcode.lang.ruby; };
		0C1D773522823BE100C82142 /* AppModule.swift */ = {isa = PBXFileReference; lastKnownFileType = sourcecode.swift; path = AppModule.swift; sourceTree = "<group>"; };
		0C1D773B22834CC500C82142 /* NetworkRequestMessage.swift */ = {isa = PBXFileReference; lastKnownFileType = sourcecode.swift; path = NetworkRequestMessage.swift; sourceTree = "<group>"; };
		0C1D773D22837D0600C82142 /* NetworkSessionClient.swift */ = {isa = PBXFileReference; lastKnownFileType = sourcecode.swift; path = NetworkSessionClient.swift; sourceTree = "<group>"; };
		0C22CA7A228A2A7F00F411DD /* SignupUserRequest.swift */ = {isa = PBXFileReference; lastKnownFileType = sourcecode.swift; path = SignupUserRequest.swift; sourceTree = "<group>"; };
		0C22CA7C228A2B6500F411DD /* SigninUserRequest.swift */ = {isa = PBXFileReference; lastKnownFileType = sourcecode.swift; path = SigninUserRequest.swift; sourceTree = "<group>"; };
		0C22CA7F228A2D6A00F411DD /* CustomError.swift */ = {isa = PBXFileReference; lastKnownFileType = sourcecode.swift; path = CustomError.swift; sourceTree = "<group>"; };
		0C22CA82228B7CB100F411DD /* SignupRepositoryError.swift */ = {isa = PBXFileReference; lastKnownFileType = sourcecode.swift; path = SignupRepositoryError.swift; sourceTree = "<group>"; };
		0C22CA84228B81F700F411DD /* SigninRepositoryError.swift */ = {isa = PBXFileReference; lastKnownFileType = sourcecode.swift; path = SigninRepositoryError.swift; sourceTree = "<group>"; };
		0C22CA86228CAD4400F411DD /* SignupUseCase.swift */ = {isa = PBXFileReference; lastKnownFileType = sourcecode.swift; path = SignupUseCase.swift; sourceTree = "<group>"; };
		0C22CA88228CAE0900F411DD /* SigninPresenter.swift */ = {isa = PBXFileReference; lastKnownFileType = sourcecode.swift; path = SigninPresenter.swift; sourceTree = "<group>"; };
		0C22CA8A228CBFAA00F411DD /* SigninUseCaseError.swift */ = {isa = PBXFileReference; lastKnownFileType = sourcecode.swift; path = SigninUseCaseError.swift; sourceTree = "<group>"; };
		0C22CA8E228CC92000F411DD /* Tunes.storyboard */ = {isa = PBXFileReference; lastKnownFileType = file.storyboard; path = Tunes.storyboard; sourceTree = "<group>"; };
		0C22CA90228DFC6100F411DD /* SignupUseCaseError.swift */ = {isa = PBXFileReference; lastKnownFileType = sourcecode.swift; path = SignupUseCaseError.swift; sourceTree = "<group>"; };
		0C3F571B228A0939006C531E /* UITextFieldIndicator.swift */ = {isa = PBXFileReference; lastKnownFileType = sourcecode.swift; name = UITextFieldIndicator.swift; path = ../UITextFieldIndicator.swift; sourceTree = "<group>"; };
		0C3F5721228A22BA006C531E /* GoogleService-Info.plist */ = {isa = PBXFileReference; lastKnownFileType = text.plist.xml; path = "GoogleService-Info.plist"; sourceTree = "<group>"; };
		0C3F5723228A247E006C531E /* StandardApp.entitlements */ = {isa = PBXFileReference; lastKnownFileType = text.plist.entitlements; path = StandardApp.entitlements; sourceTree = "<group>"; };
		0C8AABB1228E1C95002F4118 /* SignupPresenter.swift */ = {isa = PBXFileReference; lastKnownFileType = sourcecode.swift; name = SignupPresenter.swift; path = ../SignupPresenter.swift; sourceTree = "<group>"; };
		0CBACB8C22987B7200E7AB5A /* SigninViewControllerPort.swift */ = {isa = PBXFileReference; lastKnownFileType = sourcecode.swift; path = SigninViewControllerPort.swift; sourceTree = "<group>"; };
		0CEAF16922949B3D00608934 /* AlertableController.swift */ = {isa = PBXFileReference; lastKnownFileType = sourcecode.swift; path = AlertableController.swift; sourceTree = "<group>"; };
		0CEAF16B2294BCE600608934 /* BaseViewController.swift */ = {isa = PBXFileReference; lastKnownFileType = sourcecode.swift; path = BaseViewController.swift; sourceTree = "<group>"; };
		0CEE5389228F67A5000F0CC9 /* AuthModule.swift */ = {isa = PBXFileReference; lastKnownFileType = sourcecode.swift; path = AuthModule.swift; sourceTree = "<group>"; };
		0CFC269F2289E05400E4BD9C /* FirebaseAuthService.swift */ = {isa = PBXFileReference; lastKnownFileType = sourcecode.swift; path = FirebaseAuthService.swift; sourceTree = "<group>"; };
		0CFC26A12289E06200E4BD9C /* AuthRepository.swift */ = {isa = PBXFileReference; lastKnownFileType = sourcecode.swift; path = AuthRepository.swift; sourceTree = "<group>"; };
		0CFC26A32289E1BA00E4BD9C /* SigninUseCase.swift */ = {isa = PBXFileReference; lastKnownFileType = sourcecode.swift; path = SigninUseCase.swift; sourceTree = "<group>"; };
		0CFC26A5228A070700E4BD9C /* Credentials.storyboard */ = {isa = PBXFileReference; lastKnownFileType = file.storyboard; path = Credentials.storyboard; sourceTree = "<group>"; };
		0CFE7B9E2284BF2200C945F2 /* NetworkSessionRetroClient.swift */ = {isa = PBXFileReference; lastKnownFileType = sourcecode.swift; path = NetworkSessionRetroClient.swift; sourceTree = "<group>"; };
		0CFE7BA02284C29B00C945F2 /* NetworkResponseCodable.swift */ = {isa = PBXFileReference; lastKnownFileType = sourcecode.swift; path = NetworkResponseCodable.swift; sourceTree = "<group>"; };
		0CFE7BA22284C2C900C945F2 /* NetworkError.swift */ = {isa = PBXFileReference; lastKnownFileType = sourcecode.swift; path = NetworkError.swift; sourceTree = "<group>"; };
		3371E330354B724A433EA226 /* Pods-StandardAppTests.debug.xcconfig */ = {isa = PBXFileReference; includeInIndex = 1; lastKnownFileType = text.xcconfig; name = "Pods-StandardAppTests.debug.xcconfig"; path = "Pods/Target Support Files/Pods-StandardAppTests/Pods-StandardAppTests.debug.xcconfig"; sourceTree = "<group>"; };
		368356BFE494140EDFB49C24 /* Pods-StandardAppTests.release.xcconfig */ = {isa = PBXFileReference; includeInIndex = 1; lastKnownFileType = text.xcconfig; name = "Pods-StandardAppTests.release.xcconfig"; path = "Pods/Target Support Files/Pods-StandardAppTests/Pods-StandardAppTests.release.xcconfig"; sourceTree = "<group>"; };
		4A38BBB9CA95ECED70CEDD14 /* Pods-StandardApp.debug.xcconfig */ = {isa = PBXFileReference; includeInIndex = 1; lastKnownFileType = text.xcconfig; name = "Pods-StandardApp.debug.xcconfig"; path = "Pods/Target Support Files/Pods-StandardApp/Pods-StandardApp.debug.xcconfig"; sourceTree = "<group>"; };
		605F2BA5D28CC88CF6B5FD0C /* Pods_StandardAppTests.framework */ = {isa = PBXFileReference; explicitFileType = wrapper.framework; includeInIndex = 0; path = Pods_StandardAppTests.framework; sourceTree = BUILT_PRODUCTS_DIR; };
		6A8F9271D24428DE639491F2 /* Pods-StandardApp.release.xcconfig */ = {isa = PBXFileReference; includeInIndex = 1; lastKnownFileType = text.xcconfig; name = "Pods-StandardApp.release.xcconfig"; path = "Pods/Target Support Files/Pods-StandardApp/Pods-StandardApp.release.xcconfig"; sourceTree = "<group>"; };
		9A9C9F25147E12C92D2EAFCB /* Pods_StandardApp.framework */ = {isa = PBXFileReference; explicitFileType = wrapper.framework; includeInIndex = 0; path = Pods_StandardApp.framework; sourceTree = BUILT_PRODUCTS_DIR; };
		CE72BD8AC5EB41F7471C24AC /* Pods-StandardAppUITests.debug.xcconfig */ = {isa = PBXFileReference; includeInIndex = 1; lastKnownFileType = text.xcconfig; name = "Pods-StandardAppUITests.debug.xcconfig"; path = "Pods/Target Support Files/Pods-StandardAppUITests/Pods-StandardAppUITests.debug.xcconfig"; sourceTree = "<group>"; };
		D4ADA24672CBEE67BC02C6CF /* Pods-StandardAppUITests.release.xcconfig */ = {isa = PBXFileReference; includeInIndex = 1; lastKnownFileType = text.xcconfig; name = "Pods-StandardAppUITests.release.xcconfig"; path = "Pods/Target Support Files/Pods-StandardAppUITests/Pods-StandardAppUITests.release.xcconfig"; sourceTree = "<group>"; };
		EA3E911A80299D3ACF40C5F9 /* Pods_StandardAppUITests.framework */ = {isa = PBXFileReference; explicitFileType = wrapper.framework; includeInIndex = 0; path = Pods_StandardAppUITests.framework; sourceTree = BUILT_PRODUCTS_DIR; };
/* End PBXFileReference section */

/* Begin PBXFrameworksBuildPhase section */
		0C0DB2F22281E13E000FE340 /* Frameworks */ = {
			isa = PBXFrameworksBuildPhase;
			buildActionMask = 2147483647;
			files = (
				5B6CEE3922B8D60F55B5DCE4 /* Pods_StandardApp.framework in Frameworks */,
			);
			runOnlyForDeploymentPostprocessing = 0;
		};
		0C0DB3062281E140000FE340 /* Frameworks */ = {
			isa = PBXFrameworksBuildPhase;
			buildActionMask = 2147483647;
			files = (
				0B1D633FA25B331C524FFE29 /* Pods_StandardAppTests.framework in Frameworks */,
			);
			runOnlyForDeploymentPostprocessing = 0;
		};
		0C0DB3112281E140000FE340 /* Frameworks */ = {
			isa = PBXFrameworksBuildPhase;
			buildActionMask = 2147483647;
			files = (
				63B9FE5DF37041EADD706F40 /* Pods_StandardAppUITests.framework in Frameworks */,
			);
			runOnlyForDeploymentPostprocessing = 0;
		};
/* End PBXFrameworksBuildPhase section */

/* Begin PBXGroup section */
		0C039065229365EC005D35DC /* Controller */ = {
			isa = PBXGroup;
			children = (
				0C0390662293665B005D35DC /* DispatcherController.swift */,
				0CEAF16922949B3D00608934 /* AlertableController.swift */,
				0CEAF16B2294BCE600608934 /* BaseViewController.swift */,
			);
			path = Controller;
			sourceTree = "<group>";
		};
		0C0DB2EC2281E13D000FE340 = {
			isa = PBXGroup;
			children = (
				0C1D77242281E6CF00C82142 /* fastlane */,
				0C0DB2F72281E13E000FE340 /* StandardApp */,
				0C0DB30C2281E140000FE340 /* StandardAppTests */,
				0C0DB3172281E140000FE340 /* StandardAppUITests */,
				0C0DB2F62281E13E000FE340 /* Products */,
				C03C315AA45AA234916E7147 /* Pods */,
				547BF1E8F369347FB8246581 /* Frameworks */,
			);
			sourceTree = "<group>";
		};
		0C0DB2F62281E13E000FE340 /* Products */ = {
			isa = PBXGroup;
			children = (
				0C0DB2F52281E13E000FE340 /* StandardApp.app */,
				0C0DB3092281E140000FE340 /* StandardAppTests.xctest */,
				0C0DB3142281E140000FE340 /* StandardAppUITests.xctest */,
			);
			name = Products;
			sourceTree = "<group>";
		};
		0C0DB2F72281E13E000FE340 /* StandardApp */ = {
			isa = PBXGroup;
			children = (
				0C3F5723228A247E006C531E /* StandardApp.entitlements */,
				0C1D77342282383800C82142 /* Frameworks */,
				0C1D77332282381A00C82142 /* Adapters */,
				0C1D77322282380C00C82142 /* UseCases */,
				0C1D772D2282354C00C82142 /* Resources */,
				0C0DB2F82281E13E000FE340 /* AppDelegate.swift */,
				0C3F5721228A22BA006C531E /* GoogleService-Info.plist */,
				0C0DB3042281E140000FE340 /* Info.plist */,
			);
			path = StandardApp;
			sourceTree = "<group>";
		};
		0C0DB30C2281E140000FE340 /* StandardAppTests */ = {
			isa = PBXGroup;
			children = (
				0C0DB30D2281E140000FE340 /* StandardAppTests.swift */,
				0C0DB30F2281E140000FE340 /* Info.plist */,
			);
			path = StandardAppTests;
			sourceTree = "<group>";
		};
		0C0DB3172281E140000FE340 /* StandardAppUITests */ = {
			isa = PBXGroup;
			children = (
				0C0DB3182281E140000FE340 /* StandardAppUITests.swift */,
				0C0DB31A2281E140000FE340 /* Info.plist */,
			);
			path = StandardAppUITests;
			sourceTree = "<group>";
		};
		0C1D77242281E6CF00C82142 /* fastlane */ = {
			isa = PBXGroup;
			children = (
				0C1D77252281E6CF00C82142 /* Appfile */,
				0C1D77262281E6CF00C82142 /* Fastfile */,
				0C1D77272281FA2F00C82142 /* Matchfile */,
			);
			path = fastlane;
			sourceTree = "<group>";
		};
		0C1D772A228234C400C82142 /* UI */ = {
			isa = PBXGroup;
			children = (
				0C039065229365EC005D35DC /* Controller */,
				0C3F5725228A2653006C531E /* View */,
				0C1D772B228234EF00C82142 /* Auth */,
			);
			path = UI;
			sourceTree = "<group>";
		};
		0C1D772B228234EF00C82142 /* Auth */ = {
			isa = PBXGroup;
			children = (
				0C0DB2FA2281E13E000FE340 /* SigninViewController.swift */,
				0CBACB8C22987B7200E7AB5A /* SigninViewControllerPort.swift */,
			);
			path = Auth;
			sourceTree = "<group>";
		};
		0C1D772C2282351B00C82142 /* DI */ = {
			isa = PBXGroup;
			children = (
				0C1D773522823BE100C82142 /* AppModule.swift */,
				0CEE5389228F67A5000F0CC9 /* AuthModule.swift */,
			);
			path = DI;
			sourceTree = "<group>";
		};
		0C1D772D2282354C00C82142 /* Resources */ = {
			isa = PBXGroup;
			children = (
				0C0DB2FF2281E140000FE340 /* Assets.xcassets */,
				0C1D772E2282357A00C82142 /* Layout */,
			);
			path = Resources;
			sourceTree = "<group>";
		};
		0C1D772E2282357A00C82142 /* Layout */ = {
			isa = PBXGroup;
			children = (
				0C0DB2FC2281E13E000FE340 /* Main.storyboard */,
				0C22CA8D228CC8B200F411DD /* Home */,
				0C0DB3012281E140000FE340 /* LaunchScreen.storyboard */,
				0C22CA8C228CC8AB00F411DD /* Auth */,
			);
			path = Layout;
			sourceTree = "<group>";
		};
		0C1D772F228235B500C82142 /* Domain */ = {
			isa = PBXGroup;
			children = (
				0CFC269A2289DF0B00E4BD9C /* Auth */,
			);
			path = Domain;
			sourceTree = "<group>";
		};
		0C1D7730228235EA00C82142 /* Data */ = {
			isa = PBXGroup;
			children = (
				0CFC269C2289DF2000E4BD9C /* Auth */,
			);
			path = Data;
			sourceTree = "<group>";
		};
		0C1D77322282380C00C82142 /* UseCases */ = {
			isa = PBXGroup;
			children = (
				0C1D772F228235B500C82142 /* Domain */,
			);
			path = UseCases;
			sourceTree = "<group>";
		};
		0C1D77332282381A00C82142 /* Adapters */ = {
			isa = PBXGroup;
			children = (
				0C1D7738228345E100C82142 /* Presentation */,
				0C1D772A228234C400C82142 /* UI */,
			);
			path = Adapters;
			sourceTree = "<group>";
		};
		0C1D77342282383800C82142 /* Frameworks */ = {
			isa = PBXGroup;
			children = (
				0C22CA81228B77C200F411DD /* Entities */,
				0C1D7737228345C400C82142 /* Network */,
				0C1D772C2282351B00C82142 /* DI */,
				0C1D7730228235EA00C82142 /* Data */,
			);
			path = Frameworks;
			sourceTree = "<group>";
		};
		0C1D7737228345C400C82142 /* Network */ = {
			isa = PBXGroup;
			children = (
				0C1D773B22834CC500C82142 /* NetworkRequestMessage.swift */,
				0CFE7BA02284C29B00C945F2 /* NetworkResponseCodable.swift */,
				0CFE7BA22284C2C900C945F2 /* NetworkError.swift */,
				0C1D773D22837D0600C82142 /* NetworkSessionClient.swift */,
				0CFE7B9E2284BF2200C945F2 /* NetworkSessionRetroClient.swift */,
			);
			path = Network;
			sourceTree = "<group>";
		};
		0C1D7738228345E100C82142 /* Presentation */ = {
			isa = PBXGroup;
			children = (
				0CFC26992289DF0200E4BD9C /* Auth */,
			);
			path = Presentation;
			sourceTree = "<group>";
		};
		0C22CA7E228A2D3000F411DD /* Error */ = {
			isa = PBXGroup;
			children = (
				0C22CA7F228A2D6A00F411DD /* CustomError.swift */,
			);
			path = Error;
			sourceTree = "<group>";
		};
		0C22CA81228B77C200F411DD /* Entities */ = {
			isa = PBXGroup;
			children = (
				0C22CA7E228A2D3000F411DD /* Error */,
			);
			path = Entities;
			sourceTree = "<group>";
		};
		0C22CA8C228CC8AB00F411DD /* Auth */ = {
			isa = PBXGroup;
			children = (
				0CFC26A5228A070700E4BD9C /* Credentials.storyboard */,
			);
			path = Auth;
			sourceTree = "<group>";
		};
		0C22CA8D228CC8B200F411DD /* Home */ = {
			isa = PBXGroup;
			children = (
				0C22CA8E228CC92000F411DD /* Tunes.storyboard */,
			);
			path = Home;
			sourceTree = "<group>";
		};
		0C3F5725228A2653006C531E /* View */ = {
			isa = PBXGroup;
			children = (
				0C3F571B228A0939006C531E /* UITextFieldIndicator.swift */,
			);
			path = View;
			sourceTree = "<group>";
		};
		0CFC26992289DF0200E4BD9C /* Auth */ = {
			isa = PBXGroup;
			children = (
				0C8AABB1228E1C95002F4118 /* SignupPresenter.swift */,
				0C22CA88228CAE0900F411DD /* SigninPresenter.swift */,
			);
			path = Auth;
			sourceTree = "<group>";
		};
		0CFC269A2289DF0B00E4BD9C /* Auth */ = {
			isa = PBXGroup;
			children = (
				0CFC26A32289E1BA00E4BD9C /* SigninUseCase.swift */,
				0C22CA8A228CBFAA00F411DD /* SigninUseCaseError.swift */,
				0C22CA86228CAD4400F411DD /* SignupUseCase.swift */,
				0C22CA90228DFC6100F411DD /* SignupUseCaseError.swift */,
			);
			path = Auth;
			sourceTree = "<group>";
		};
		0CFC269C2289DF2000E4BD9C /* Auth */ = {
			isa = PBXGroup;
			children = (
				0CFC269F2289E05400E4BD9C /* FirebaseAuthService.swift */,
				0CFC26A12289E06200E4BD9C /* AuthRepository.swift */,
				0C22CA7A228A2A7F00F411DD /* SignupUserRequest.swift */,
				0C22CA7C228A2B6500F411DD /* SigninUserRequest.swift */,
				0C22CA82228B7CB100F411DD /* SignupRepositoryError.swift */,
				0C22CA84228B81F700F411DD /* SigninRepositoryError.swift */,
			);
			path = Auth;
			sourceTree = "<group>";
		};
		547BF1E8F369347FB8246581 /* Frameworks */ = {
			isa = PBXGroup;
			children = (
				9A9C9F25147E12C92D2EAFCB /* Pods_StandardApp.framework */,
				605F2BA5D28CC88CF6B5FD0C /* Pods_StandardAppTests.framework */,
				EA3E911A80299D3ACF40C5F9 /* Pods_StandardAppUITests.framework */,
			);
			name = Frameworks;
			sourceTree = "<group>";
		};
		C03C315AA45AA234916E7147 /* Pods */ = {
			isa = PBXGroup;
			children = (
				4A38BBB9CA95ECED70CEDD14 /* Pods-StandardApp.debug.xcconfig */,
				6A8F9271D24428DE639491F2 /* Pods-StandardApp.release.xcconfig */,
				3371E330354B724A433EA226 /* Pods-StandardAppTests.debug.xcconfig */,
				368356BFE494140EDFB49C24 /* Pods-StandardAppTests.release.xcconfig */,
				CE72BD8AC5EB41F7471C24AC /* Pods-StandardAppUITests.debug.xcconfig */,
				D4ADA24672CBEE67BC02C6CF /* Pods-StandardAppUITests.release.xcconfig */,
			);
			name = Pods;
			sourceTree = "<group>";
		};
/* End PBXGroup section */

/* Begin PBXNativeTarget section */
		0C0DB2F42281E13E000FE340 /* StandardApp */ = {
			isa = PBXNativeTarget;
			buildConfigurationList = 0C0DB31D2281E141000FE340 /* Build configuration list for PBXNativeTarget "StandardApp" */;
			buildPhases = (
				285DA344A12E1B047861D711 /* [CP] Check Pods Manifest.lock */,
				0C0DB2F12281E13E000FE340 /* Sources */,
				0C0DB2F22281E13E000FE340 /* Frameworks */,
				0C0DB2F32281E13E000FE340 /* Resources */,
				0C1D77292282180600C82142 /* Fabric */,
				82DF223E180936E3724B40DB /* [CP] Embed Pods Frameworks */,
			);
			buildRules = (
			);
			dependencies = (
			);
			name = StandardApp;
			productName = StandardApp;
			productReference = 0C0DB2F52281E13E000FE340 /* StandardApp.app */;
			productType = "com.apple.product-type.application";
		};
		0C0DB3082281E140000FE340 /* StandardAppTests */ = {
			isa = PBXNativeTarget;
			buildConfigurationList = 0C0DB3202281E141000FE340 /* Build configuration list for PBXNativeTarget "StandardAppTests" */;
			buildPhases = (
				30EAC76ACAFA60F35CB8B439 /* [CP] Check Pods Manifest.lock */,
				0C0DB3052281E140000FE340 /* Sources */,
				0C0DB3062281E140000FE340 /* Frameworks */,
				0C0DB3072281E140000FE340 /* Resources */,
			);
			buildRules = (
			);
			dependencies = (
				0C0DB30B2281E140000FE340 /* PBXTargetDependency */,
			);
			name = StandardAppTests;
			productName = StandardAppTests;
			productReference = 0C0DB3092281E140000FE340 /* StandardAppTests.xctest */;
			productType = "com.apple.product-type.bundle.unit-test";
		};
		0C0DB3132281E140000FE340 /* StandardAppUITests */ = {
			isa = PBXNativeTarget;
			buildConfigurationList = 0C0DB3232281E141000FE340 /* Build configuration list for PBXNativeTarget "StandardAppUITests" */;
			buildPhases = (
				7CED39D1AA65A086BD3E4444 /* [CP] Check Pods Manifest.lock */,
				0C0DB3102281E140000FE340 /* Sources */,
				0C0DB3112281E140000FE340 /* Frameworks */,
				0C0DB3122281E140000FE340 /* Resources */,
			);
			buildRules = (
			);
			dependencies = (
				0C0DB3162281E140000FE340 /* PBXTargetDependency */,
			);
			name = StandardAppUITests;
			productName = StandardAppUITests;
			productReference = 0C0DB3142281E140000FE340 /* StandardAppUITests.xctest */;
			productType = "com.apple.product-type.bundle.ui-testing";
		};
/* End PBXNativeTarget section */

/* Begin PBXProject section */
		0C0DB2ED2281E13D000FE340 /* Project object */ = {
			isa = PBXProject;
			attributes = {
				LastSwiftUpdateCheck = 1010;
				LastUpgradeCheck = 1010;
				ORGANIZATIONNAME = "Developer Rone Loza";
				TargetAttributes = {
					0C0DB2F42281E13E000FE340 = {
						CreatedOnToolsVersion = 10.1;
						SystemCapabilities = {
							com.apple.Keychain = {
								enabled = 1;
							};
						};
					};
					0C0DB3082281E140000FE340 = {
						CreatedOnToolsVersion = 10.1;
						TestTargetID = 0C0DB2F42281E13E000FE340;
					};
					0C0DB3132281E140000FE340 = {
						CreatedOnToolsVersion = 10.1;
						TestTargetID = 0C0DB2F42281E13E000FE340;
					};
				};
			};
			buildConfigurationList = 0C0DB2F02281E13D000FE340 /* Build configuration list for PBXProject "StandardApp" */;
			compatibilityVersion = "Xcode 9.3";
			developmentRegion = en;
			hasScannedForEncodings = 0;
			knownRegions = (
				en,
				Base,
			);
			mainGroup = 0C0DB2EC2281E13D000FE340;
			productRefGroup = 0C0DB2F62281E13E000FE340 /* Products */;
			projectDirPath = "";
			projectRoot = "";
			targets = (
				0C0DB2F42281E13E000FE340 /* StandardApp */,
				0C0DB3082281E140000FE340 /* StandardAppTests */,
				0C0DB3132281E140000FE340 /* StandardAppUITests */,
			);
		};
/* End PBXProject section */

/* Begin PBXResourcesBuildPhase section */
		0C0DB2F32281E13E000FE340 /* Resources */ = {
			isa = PBXResourcesBuildPhase;
			buildActionMask = 2147483647;
			files = (
				0C3F5722228A2344006C531E /* GoogleService-Info.plist in Resources */,
				0CFC26A6228A070700E4BD9C /* Credentials.storyboard in Resources */,
				0C0DB3032281E140000FE340 /* LaunchScreen.storyboard in Resources */,
				0C0DB3002281E140000FE340 /* Assets.xcassets in Resources */,
				0C22CA8F228CC92000F411DD /* Tunes.storyboard in Resources */,
				0C1D77282281FA2F00C82142 /* Matchfile in Resources */,
				0C0DB2FE2281E13E000FE340 /* Main.storyboard in Resources */,
			);
			runOnlyForDeploymentPostprocessing = 0;
		};
		0C0DB3072281E140000FE340 /* Resources */ = {
			isa = PBXResourcesBuildPhase;
			buildActionMask = 2147483647;
			files = (
			);
			runOnlyForDeploymentPostprocessing = 0;
		};
		0C0DB3122281E140000FE340 /* Resources */ = {
			isa = PBXResourcesBuildPhase;
			buildActionMask = 2147483647;
			files = (
			);
			runOnlyForDeploymentPostprocessing = 0;
		};
/* End PBXResourcesBuildPhase section */

/* Begin PBXShellScriptBuildPhase section */
		0C1D77292282180600C82142 /* Fabric */ = {
			isa = PBXShellScriptBuildPhase;
			buildActionMask = 2147483647;
			files = (
			);
			inputFileListPaths = (
			);
			inputPaths = (
			);
			name = Fabric;
			outputFileListPaths = (
			);
			outputPaths = (
			);
			runOnlyForDeploymentPostprocessing = 0;
			shellPath = /bin/sh;
			shellScript = "\"${PODS_ROOT}/Fabric/run\" aaae02e59450e7b181028018790517df300a907e 256141661a7717eacee1649d247a28cc31ac6d8c55b9fb291a46caf00201fab4\n";
		};
		285DA344A12E1B047861D711 /* [CP] Check Pods Manifest.lock */ = {
			isa = PBXShellScriptBuildPhase;
			buildActionMask = 2147483647;
			files = (
			);
			inputFileListPaths = (
			);
			inputPaths = (
				"${PODS_PODFILE_DIR_PATH}/Podfile.lock",
				"${PODS_ROOT}/Manifest.lock",
			);
			name = "[CP] Check Pods Manifest.lock";
			outputFileListPaths = (
			);
			outputPaths = (
				"$(DERIVED_FILE_DIR)/Pods-StandardApp-checkManifestLockResult.txt",
			);
			runOnlyForDeploymentPostprocessing = 0;
			shellPath = /bin/sh;
			shellScript = "diff \"${PODS_PODFILE_DIR_PATH}/Podfile.lock\" \"${PODS_ROOT}/Manifest.lock\" > /dev/null\nif [ $? != 0 ] ; then\n    # print error to STDERR\n    echo \"error: The sandbox is not in sync with the Podfile.lock. Run 'pod install' or update your CocoaPods installation.\" >&2\n    exit 1\nfi\n# This output is used by Xcode 'outputs' to avoid re-running this script phase.\necho \"SUCCESS\" > \"${SCRIPT_OUTPUT_FILE_0}\"\n";
			showEnvVarsInLog = 0;
		};
		30EAC76ACAFA60F35CB8B439 /* [CP] Check Pods Manifest.lock */ = {
			isa = PBXShellScriptBuildPhase;
			buildActionMask = 2147483647;
			files = (
			);
			inputFileListPaths = (
			);
			inputPaths = (
				"${PODS_PODFILE_DIR_PATH}/Podfile.lock",
				"${PODS_ROOT}/Manifest.lock",
			);
			name = "[CP] Check Pods Manifest.lock";
			outputFileListPaths = (
			);
			outputPaths = (
				"$(DERIVED_FILE_DIR)/Pods-StandardAppTests-checkManifestLockResult.txt",
			);
			runOnlyForDeploymentPostprocessing = 0;
			shellPath = /bin/sh;
			shellScript = "diff \"${PODS_PODFILE_DIR_PATH}/Podfile.lock\" \"${PODS_ROOT}/Manifest.lock\" > /dev/null\nif [ $? != 0 ] ; then\n    # print error to STDERR\n    echo \"error: The sandbox is not in sync with the Podfile.lock. Run 'pod install' or update your CocoaPods installation.\" >&2\n    exit 1\nfi\n# This output is used by Xcode 'outputs' to avoid re-running this script phase.\necho \"SUCCESS\" > \"${SCRIPT_OUTPUT_FILE_0}\"\n";
			showEnvVarsInLog = 0;
		};
		7CED39D1AA65A086BD3E4444 /* [CP] Check Pods Manifest.lock */ = {
			isa = PBXShellScriptBuildPhase;
			buildActionMask = 2147483647;
			files = (
			);
			inputFileListPaths = (
			);
			inputPaths = (
				"${PODS_PODFILE_DIR_PATH}/Podfile.lock",
				"${PODS_ROOT}/Manifest.lock",
			);
			name = "[CP] Check Pods Manifest.lock";
			outputFileListPaths = (
			);
			outputPaths = (
				"$(DERIVED_FILE_DIR)/Pods-StandardAppUITests-checkManifestLockResult.txt",
			);
			runOnlyForDeploymentPostprocessing = 0;
			shellPath = /bin/sh;
			shellScript = "diff \"${PODS_PODFILE_DIR_PATH}/Podfile.lock\" \"${PODS_ROOT}/Manifest.lock\" > /dev/null\nif [ $? != 0 ] ; then\n    # print error to STDERR\n    echo \"error: The sandbox is not in sync with the Podfile.lock. Run 'pod install' or update your CocoaPods installation.\" >&2\n    exit 1\nfi\n# This output is used by Xcode 'outputs' to avoid re-running this script phase.\necho \"SUCCESS\" > \"${SCRIPT_OUTPUT_FILE_0}\"\n";
			showEnvVarsInLog = 0;
		};
		82DF223E180936E3724B40DB /* [CP] Embed Pods Frameworks */ = {
			isa = PBXShellScriptBuildPhase;
			buildActionMask = 2147483647;
			files = (
			);
			inputFileListPaths = (
			);
			inputPaths = (
				"${SRCROOT}/Pods/Target Support Files/Pods-StandardApp/Pods-StandardApp-frameworks.sh",
				"${BUILT_PRODUCTS_DIR}/GTMSessionFetcher/GTMSessionFetcher.framework",
				"${PODS_ROOT}/GirdersSwift/framework/GRSecurity.framework",
				"${BUILT_PRODUCTS_DIR}/GirdersSwift/GirdersSwift.framework",
				"${BUILT_PRODUCTS_DIR}/GoogleUtilities/GoogleUtilities.framework",
				"${BUILT_PRODUCTS_DIR}/KeychainAccess/KeychainAccess.framework",
				"${BUILT_PRODUCTS_DIR}/PromiseKit/PromiseKit.framework",
				"${BUILT_PRODUCTS_DIR}/RxAtomic/RxAtomic.framework",
				"${BUILT_PRODUCTS_DIR}/RxCocoa/RxCocoa.framework",
				"${BUILT_PRODUCTS_DIR}/RxRetroSwift/RxRetroSwift.framework",
				"${BUILT_PRODUCTS_DIR}/RxSwift/RxSwift.framework",
				"${BUILT_PRODUCTS_DIR}/SwiftyBeaver/SwiftyBeaver.framework",
				"${BUILT_PRODUCTS_DIR}/nanopb/nanopb.framework",
			);
			name = "[CP] Embed Pods Frameworks";
			outputFileListPaths = (
			);
			outputPaths = (
				"${TARGET_BUILD_DIR}/${FRAMEWORKS_FOLDER_PATH}/GTMSessionFetcher.framework",
				"${TARGET_BUILD_DIR}/${FRAMEWORKS_FOLDER_PATH}/GRSecurity.framework",
				"${TARGET_BUILD_DIR}/${FRAMEWORKS_FOLDER_PATH}/GirdersSwift.framework",
				"${TARGET_BUILD_DIR}/${FRAMEWORKS_FOLDER_PATH}/GoogleUtilities.framework",
				"${TARGET_BUILD_DIR}/${FRAMEWORKS_FOLDER_PATH}/KeychainAccess.framework",
				"${TARGET_BUILD_DIR}/${FRAMEWORKS_FOLDER_PATH}/PromiseKit.framework",
				"${TARGET_BUILD_DIR}/${FRAMEWORKS_FOLDER_PATH}/RxAtomic.framework",
				"${TARGET_BUILD_DIR}/${FRAMEWORKS_FOLDER_PATH}/RxCocoa.framework",
				"${TARGET_BUILD_DIR}/${FRAMEWORKS_FOLDER_PATH}/RxRetroSwift.framework",
				"${TARGET_BUILD_DIR}/${FRAMEWORKS_FOLDER_PATH}/RxSwift.framework",
				"${TARGET_BUILD_DIR}/${FRAMEWORKS_FOLDER_PATH}/SwiftyBeaver.framework",
				"${TARGET_BUILD_DIR}/${FRAMEWORKS_FOLDER_PATH}/nanopb.framework",
			);
			runOnlyForDeploymentPostprocessing = 0;
			shellPath = /bin/sh;
			shellScript = "\"${SRCROOT}/Pods/Target Support Files/Pods-StandardApp/Pods-StandardApp-frameworks.sh\"\n";
			showEnvVarsInLog = 0;
		};
/* End PBXShellScriptBuildPhase section */

/* Begin PBXSourcesBuildPhase section */
		0C0DB2F12281E13E000FE340 /* Sources */ = {
			isa = PBXSourcesBuildPhase;
			buildActionMask = 2147483647;
			files = (
				0C0390672293665B005D35DC /* DispatcherController.swift in Sources */,
				0C0DB2FB2281E13E000FE340 /* SigninViewController.swift in Sources */,
				0C22CA80228A2D6A00F411DD /* CustomError.swift in Sources */,
				0CBACB8D22987B7200E7AB5A /* SigninViewControllerPort.swift in Sources */,
				0C22CA89228CAE0900F411DD /* SigninPresenter.swift in Sources */,
				0C22CA85228B81F700F411DD /* SigninRepositoryError.swift in Sources */,
				0CFE7BA32284C2C900C945F2 /* NetworkError.swift in Sources */,
				0CFE7B9F2284BF2200C945F2 /* NetworkSessionRetroClient.swift in Sources */,
				0CFE7BA12284C29B00C945F2 /* NetworkResponseCodable.swift in Sources */,
				0C1D773C22834CC500C82142 /* NetworkRequestMessage.swift in Sources */,
				0C22CA83228B7CB100F411DD /* SignupRepositoryError.swift in Sources */,
				0C22CA7B228A2A7F00F411DD /* SignupUserRequest.swift in Sources */,
				0CEAF16A22949B3D00608934 /* AlertableController.swift in Sources */,
				0C8AABB2228E1C97002F4118 /* SignupPresenter.swift in Sources */,
				0CEAF16C2294BCE600608934 /* BaseViewController.swift in Sources */,
				0CFC26A42289E1BA00E4BD9C /* SigninUseCase.swift in Sources */,
				0C0DB2F92281E13E000FE340 /* AppDelegate.swift in Sources */,
				0CFC26A22289E06200E4BD9C /* AuthRepository.swift in Sources */,
				0CFC26A02289E05400E4BD9C /* FirebaseAuthService.swift in Sources */,
				0C22CA8B228CBFAA00F411DD /* SigninUseCaseError.swift in Sources */,
				0C22CA91228DFC6100F411DD /* SignupUseCaseError.swift in Sources */,
				0C22CA7D228A2B6500F411DD /* SigninUserRequest.swift in Sources */,
				0C1D773622823BE100C82142 /* AppModule.swift in Sources */,
				0C22CA87228CAD4400F411DD /* SignupUseCase.swift in Sources */,
				0C1D773E22837D0600C82142 /* NetworkSessionClient.swift in Sources */,
				0CEE538A228F67A5000F0CC9 /* AuthModule.swift in Sources */,
				0C3F571C228A0939006C531E /* UITextFieldIndicator.swift in Sources */,
			);
			runOnlyForDeploymentPostprocessing = 0;
		};
		0C0DB3052281E140000FE340 /* Sources */ = {
			isa = PBXSourcesBuildPhase;
			buildActionMask = 2147483647;
			files = (
				0C0DB30E2281E140000FE340 /* StandardAppTests.swift in Sources */,
			);
			runOnlyForDeploymentPostprocessing = 0;
		};
		0C0DB3102281E140000FE340 /* Sources */ = {
			isa = PBXSourcesBuildPhase;
			buildActionMask = 2147483647;
			files = (
				0C0DB3192281E140000FE340 /* StandardAppUITests.swift in Sources */,
			);
			runOnlyForDeploymentPostprocessing = 0;
		};
/* End PBXSourcesBuildPhase section */

/* Begin PBXTargetDependency section */
		0C0DB30B2281E140000FE340 /* PBXTargetDependency */ = {
			isa = PBXTargetDependency;
			target = 0C0DB2F42281E13E000FE340 /* StandardApp */;
			targetProxy = 0C0DB30A2281E140000FE340 /* PBXContainerItemProxy */;
		};
		0C0DB3162281E140000FE340 /* PBXTargetDependency */ = {
			isa = PBXTargetDependency;
			target = 0C0DB2F42281E13E000FE340 /* StandardApp */;
			targetProxy = 0C0DB3152281E140000FE340 /* PBXContainerItemProxy */;
		};
/* End PBXTargetDependency section */

/* Begin PBXVariantGroup section */
		0C0DB2FC2281E13E000FE340 /* Main.storyboard */ = {
			isa = PBXVariantGroup;
			children = (
				0C0DB2FD2281E13E000FE340 /* Base */,
			);
			name = Main.storyboard;
			sourceTree = "<group>";
		};
		0C0DB3012281E140000FE340 /* LaunchScreen.storyboard */ = {
			isa = PBXVariantGroup;
			children = (
				0C0DB3022281E140000FE340 /* Base */,
			);
			name = LaunchScreen.storyboard;
			sourceTree = "<group>";
		};
/* End PBXVariantGroup section */

/* Begin XCBuildConfiguration section */
		0C0DB31B2281E141000FE340 /* Debug */ = {
			isa = XCBuildConfiguration;
			buildSettings = {
				ALWAYS_SEARCH_USER_PATHS = NO;
				CLANG_ANALYZER_NONNULL = YES;
				CLANG_ANALYZER_NUMBER_OBJECT_CONVERSION = YES_AGGRESSIVE;
				CLANG_CXX_LANGUAGE_STANDARD = "gnu++14";
				CLANG_CXX_LIBRARY = "libc++";
				CLANG_ENABLE_MODULES = YES;
				CLANG_ENABLE_OBJC_ARC = YES;
				CLANG_ENABLE_OBJC_WEAK = YES;
				CLANG_WARN_BLOCK_CAPTURE_AUTORELEASING = YES;
				CLANG_WARN_BOOL_CONVERSION = YES;
				CLANG_WARN_COMMA = YES;
				CLANG_WARN_CONSTANT_CONVERSION = YES;
				CLANG_WARN_DEPRECATED_OBJC_IMPLEMENTATIONS = YES;
				CLANG_WARN_DIRECT_OBJC_ISA_USAGE = YES_ERROR;
				CLANG_WARN_DOCUMENTATION_COMMENTS = YES;
				CLANG_WARN_EMPTY_BODY = YES;
				CLANG_WARN_ENUM_CONVERSION = YES;
				CLANG_WARN_INFINITE_RECURSION = YES;
				CLANG_WARN_INT_CONVERSION = YES;
				CLANG_WARN_NON_LITERAL_NULL_CONVERSION = YES;
				CLANG_WARN_OBJC_IMPLICIT_RETAIN_SELF = YES;
				CLANG_WARN_OBJC_LITERAL_CONVERSION = YES;
				CLANG_WARN_OBJC_ROOT_CLASS = YES_ERROR;
				CLANG_WARN_RANGE_LOOP_ANALYSIS = YES;
				CLANG_WARN_STRICT_PROTOTYPES = YES;
				CLANG_WARN_SUSPICIOUS_MOVE = YES;
				CLANG_WARN_UNGUARDED_AVAILABILITY = YES_AGGRESSIVE;
				CLANG_WARN_UNREACHABLE_CODE = YES;
				CLANG_WARN__DUPLICATE_METHOD_MATCH = YES;
				CODE_SIGN_IDENTITY = "iPhone Developer";
				COPY_PHASE_STRIP = NO;
				DEBUG_INFORMATION_FORMAT = dwarf;
				ENABLE_STRICT_OBJC_MSGSEND = YES;
				ENABLE_TESTABILITY = YES;
				GCC_C_LANGUAGE_STANDARD = gnu11;
				GCC_DYNAMIC_NO_PIC = NO;
				GCC_NO_COMMON_BLOCKS = YES;
				GCC_OPTIMIZATION_LEVEL = 0;
				GCC_PREPROCESSOR_DEFINITIONS = (
					"DEBUG=1",
					"$(inherited)",
				);
				GCC_WARN_64_TO_32_BIT_CONVERSION = YES;
				GCC_WARN_ABOUT_RETURN_TYPE = YES_ERROR;
				GCC_WARN_UNDECLARED_SELECTOR = YES;
				GCC_WARN_UNINITIALIZED_AUTOS = YES_AGGRESSIVE;
				GCC_WARN_UNUSED_FUNCTION = YES;
				GCC_WARN_UNUSED_VARIABLE = YES;
				IPHONEOS_DEPLOYMENT_TARGET = 12.1;
				MTL_ENABLE_DEBUG_INFO = INCLUDE_SOURCE;
				MTL_FAST_MATH = YES;
				ONLY_ACTIVE_ARCH = YES;
				SDKROOT = iphoneos;
				SWIFT_ACTIVE_COMPILATION_CONDITIONS = DEBUG;
				SWIFT_OPTIMIZATION_LEVEL = "-Onone";
			};
			name = Debug;
		};
		0C0DB31C2281E141000FE340 /* Release */ = {
			isa = XCBuildConfiguration;
			buildSettings = {
				ALWAYS_SEARCH_USER_PATHS = NO;
				CLANG_ANALYZER_NONNULL = YES;
				CLANG_ANALYZER_NUMBER_OBJECT_CONVERSION = YES_AGGRESSIVE;
				CLANG_CXX_LANGUAGE_STANDARD = "gnu++14";
				CLANG_CXX_LIBRARY = "libc++";
				CLANG_ENABLE_MODULES = YES;
				CLANG_ENABLE_OBJC_ARC = YES;
				CLANG_ENABLE_OBJC_WEAK = YES;
				CLANG_WARN_BLOCK_CAPTURE_AUTORELEASING = YES;
				CLANG_WARN_BOOL_CONVERSION = YES;
				CLANG_WARN_COMMA = YES;
				CLANG_WARN_CONSTANT_CONVERSION = YES;
				CLANG_WARN_DEPRECATED_OBJC_IMPLEMENTATIONS = YES;
				CLANG_WARN_DIRECT_OBJC_ISA_USAGE = YES_ERROR;
				CLANG_WARN_DOCUMENTATION_COMMENTS = YES;
				CLANG_WARN_EMPTY_BODY = YES;
				CLANG_WARN_ENUM_CONVERSION = YES;
				CLANG_WARN_INFINITE_RECURSION = YES;
				CLANG_WARN_INT_CONVERSION = YES;
				CLANG_WARN_NON_LITERAL_NULL_CONVERSION = YES;
				CLANG_WARN_OBJC_IMPLICIT_RETAIN_SELF = YES;
				CLANG_WARN_OBJC_LITERAL_CONVERSION = YES;
				CLANG_WARN_OBJC_ROOT_CLASS = YES_ERROR;
				CLANG_WARN_RANGE_LOOP_ANALYSIS = YES;
				CLANG_WARN_STRICT_PROTOTYPES = YES;
				CLANG_WARN_SUSPICIOUS_MOVE = YES;
				CLANG_WARN_UNGUARDED_AVAILABILITY = YES_AGGRESSIVE;
				CLANG_WARN_UNREACHABLE_CODE = YES;
				CLANG_WARN__DUPLICATE_METHOD_MATCH = YES;
				CODE_SIGN_IDENTITY = "iPhone Developer";
				COPY_PHASE_STRIP = NO;
				DEBUG_INFORMATION_FORMAT = "dwarf-with-dsym";
				ENABLE_NS_ASSERTIONS = NO;
				ENABLE_STRICT_OBJC_MSGSEND = YES;
				GCC_C_LANGUAGE_STANDARD = gnu11;
				GCC_NO_COMMON_BLOCKS = YES;
				GCC_WARN_64_TO_32_BIT_CONVERSION = YES;
				GCC_WARN_ABOUT_RETURN_TYPE = YES_ERROR;
				GCC_WARN_UNDECLARED_SELECTOR = YES;
				GCC_WARN_UNINITIALIZED_AUTOS = YES_AGGRESSIVE;
				GCC_WARN_UNUSED_FUNCTION = YES;
				GCC_WARN_UNUSED_VARIABLE = YES;
				IPHONEOS_DEPLOYMENT_TARGET = 12.1;
				MTL_ENABLE_DEBUG_INFO = NO;
				MTL_FAST_MATH = YES;
				SDKROOT = iphoneos;
				SWIFT_COMPILATION_MODE = wholemodule;
				SWIFT_OPTIMIZATION_LEVEL = "-O";
				VALIDATE_PRODUCT = YES;
			};
			name = Release;
		};
		0C0DB31E2281E141000FE340 /* Debug */ = {
			isa = XCBuildConfiguration;
			baseConfigurationReference = 4A38BBB9CA95ECED70CEDD14 /* Pods-StandardApp.debug.xcconfig */;
			buildSettings = {
				ASSETCATALOG_COMPILER_APPICON_NAME = AppIcon;
				CODE_SIGN_ENTITLEMENTS = StandardApp/StandardApp.entitlements;
				CODE_SIGN_STYLE = Automatic;
				CURRENT_PROJECT_VERSION = 13;
				DEVELOPMENT_TEAM = 2H7JJNVPU3;
				INFOPLIST_FILE = StandardApp/Info.plist;
				LD_RUNPATH_SEARCH_PATHS = (
					"$(inherited)",
					"@executable_path/Frameworks",
				);
				PRODUCT_BUNDLE_IDENTIFIER = com.mambo.distributionTest;
				PRODUCT_NAME = "$(TARGET_NAME)";
				SWIFT_VERSION = 4.2;
				TARGETED_DEVICE_FAMILY = "1,2";
				VERSIONING_SYSTEM = "apple-generic";
			};
			name = Debug;
		};
		0C0DB31F2281E141000FE340 /* Release */ = {
			isa = XCBuildConfiguration;
			baseConfigurationReference = 6A8F9271D24428DE639491F2 /* Pods-StandardApp.release.xcconfig */;
			buildSettings = {
				ASSETCATALOG_COMPILER_APPICON_NAME = AppIcon;
				CODE_SIGN_ENTITLEMENTS = StandardApp/StandardApp.entitlements;
				CODE_SIGN_STYLE = Automatic;
				CURRENT_PROJECT_VERSION = 13;
				DEVELOPMENT_TEAM = 2H7JJNVPU3;
				INFOPLIST_FILE = StandardApp/Info.plist;
				LD_RUNPATH_SEARCH_PATHS = (
					"$(inherited)",
					"@executable_path/Frameworks",
				);
				PRODUCT_BUNDLE_IDENTIFIER = com.mambo.distributionTest;
				PRODUCT_NAME = "$(TARGET_NAME)";
				SWIFT_VERSION = 4.2;
				TARGETED_DEVICE_FAMILY = "1,2";
				VERSIONING_SYSTEM = "apple-generic";
			};
			name = Release;
		};
		0C0DB3212281E141000FE340 /* Debug */ = {
			isa = XCBuildConfiguration;
			baseConfigurationReference = 3371E330354B724A433EA226 /* Pods-StandardAppTests.debug.xcconfig */;
			buildSettings = {
				ALWAYS_EMBED_SWIFT_STANDARD_LIBRARIES = YES;
				BUNDLE_LOADER = "$(TEST_HOST)";
				CODE_SIGN_STYLE = Automatic;
				DEVELOPMENT_TEAM = 2H7JJNVPU3;
				INFOPLIST_FILE = StandardAppTests/Info.plist;
				LD_RUNPATH_SEARCH_PATHS = (
					"$(inherited)",
					"@executable_path/Frameworks",
					"@loader_path/Frameworks",
				);
				PRODUCT_BUNDLE_IDENTIFIER = pe.mambo.StandardAppTests;
				PRODUCT_NAME = "$(TARGET_NAME)";
				SWIFT_VERSION = 4.2;
				TARGETED_DEVICE_FAMILY = "1,2";
				TEST_HOST = "$(BUILT_PRODUCTS_DIR)/StandardApp.app/StandardApp";
			};
			name = Debug;
		};
		0C0DB3222281E141000FE340 /* Release */ = {
			isa = XCBuildConfiguration;
			baseConfigurationReference = 368356BFE494140EDFB49C24 /* Pods-StandardAppTests.release.xcconfig */;
			buildSettings = {
				ALWAYS_EMBED_SWIFT_STANDARD_LIBRARIES = YES;
				BUNDLE_LOADER = "$(TEST_HOST)";
				CODE_SIGN_STYLE = Automatic;
				DEVELOPMENT_TEAM = 2H7JJNVPU3;
				INFOPLIST_FILE = StandardAppTests/Info.plist;
				LD_RUNPATH_SEARCH_PATHS = (
					"$(inherited)",
					"@executable_path/Frameworks",
					"@loader_path/Frameworks",
				);
				PRODUCT_BUNDLE_IDENTIFIER = pe.mambo.StandardAppTests;
				PRODUCT_NAME = "$(TARGET_NAME)";
				SWIFT_VERSION = 4.2;
				TARGETED_DEVICE_FAMILY = "1,2";
				TEST_HOST = "$(BUILT_PRODUCTS_DIR)/StandardApp.app/StandardApp";
			};
			name = Release;
		};
		0C0DB3242281E141000FE340 /* Debug */ = {
			isa = XCBuildConfiguration;
			baseConfigurationReference = CE72BD8AC5EB41F7471C24AC /* Pods-StandardAppUITests.debug.xcconfig */;
			buildSettings = {
				ALWAYS_EMBED_SWIFT_STANDARD_LIBRARIES = YES;
				CODE_SIGN_STYLE = Automatic;
				DEVELOPMENT_TEAM = 2H7JJNVPU3;
				INFOPLIST_FILE = StandardAppUITests/Info.plist;
				LD_RUNPATH_SEARCH_PATHS = (
					"$(inherited)",
					"@executable_path/Frameworks",
					"@loader_path/Frameworks",
				);
				PRODUCT_BUNDLE_IDENTIFIER = pe.mambo.StandardAppUITests;
				PRODUCT_NAME = "$(TARGET_NAME)";
				SWIFT_VERSION = 4.2;
				TARGETED_DEVICE_FAMILY = "1,2";
				TEST_TARGET_NAME = StandardApp;
			};
			name = Debug;
		};
		0C0DB3252281E141000FE340 /* Release */ = {
			isa = XCBuildConfiguration;
			baseConfigurationReference = D4ADA24672CBEE67BC02C6CF /* Pods-StandardAppUITests.release.xcconfig */;
			buildSettings = {
				ALWAYS_EMBED_SWIFT_STANDARD_LIBRARIES = YES;
				CODE_SIGN_STYLE = Automatic;
				DEVELOPMENT_TEAM = 2H7JJNVPU3;
				INFOPLIST_FILE = StandardAppUITests/Info.plist;
				LD_RUNPATH_SEARCH_PATHS = (
					"$(inherited)",
					"@executable_path/Frameworks",
					"@loader_path/Frameworks",
				);
				PRODUCT_BUNDLE_IDENTIFIER = pe.mambo.StandardAppUITests;
				PRODUCT_NAME = "$(TARGET_NAME)";
				SWIFT_VERSION = 4.2;
				TARGETED_DEVICE_FAMILY = "1,2";
				TEST_TARGET_NAME = StandardApp;
			};
			name = Release;
		};
/* End XCBuildConfiguration section */

/* Begin XCConfigurationList section */
		0C0DB2F02281E13D000FE340 /* Build configuration list for PBXProject "StandardApp" */ = {
			isa = XCConfigurationList;
			buildConfigurations = (
				0C0DB31B2281E141000FE340 /* Debug */,
				0C0DB31C2281E141000FE340 /* Release */,
			);
			defaultConfigurationIsVisible = 0;
			defaultConfigurationName = Release;
		};
		0C0DB31D2281E141000FE340 /* Build configuration list for PBXNativeTarget "StandardApp" */ = {
			isa = XCConfigurationList;
			buildConfigurations = (
				0C0DB31E2281E141000FE340 /* Debug */,
				0C0DB31F2281E141000FE340 /* Release */,
			);
			defaultConfigurationIsVisible = 0;
			defaultConfigurationName = Release;
		};
		0C0DB3202281E141000FE340 /* Build configuration list for PBXNativeTarget "StandardAppTests" */ = {
			isa = XCConfigurationList;
			buildConfigurations = (
				0C0DB3212281E141000FE340 /* Debug */,
				0C0DB3222281E141000FE340 /* Release */,
			);
			defaultConfigurationIsVisible = 0;
			defaultConfigurationName = Release;
		};
		0C0DB3232281E141000FE340 /* Build configuration list for PBXNativeTarget "StandardAppUITests" */ = {
			isa = XCConfigurationList;
			buildConfigurations = (
				0C0DB3242281E141000FE340 /* Debug */,
				0C0DB3252281E141000FE340 /* Release */,
			);
			defaultConfigurationIsVisible = 0;
			defaultConfigurationName = Release;
		};
/* End XCConfigurationList section */
	};
	rootObject = 0C0DB2ED2281E13D000FE340 /* Project object */;
}
